
Microsoft Visual Studio Solution File, Format Version 12.00
# Visual Studio Version 17
VisualStudioVersion = 17.10.35122.118
MinimumVisualStudioVersion = 10.0.40219.1
Project("{FAE04EC0-301F-11D3-BF4B-00C04F79EFBC}") = "blackjax", "blackjax.csproj", "{A41F935C-E3B9-45D0-BD4A-3ACBFE4B97C9}"
EndProject
Global
	GlobalSection(SolutionConfigurationPlatforms) = preSolution
		Debug|Any CPU = Debug|Any CPU
		Release|Any CPU = Release|Any CPU
	EndGlobalSection
	GlobalSection(ProjectConfigurationPlatforms) = postSolution
		{A41F935C-E3B9-45D0-BD4A-3ACBFE4B97C9}.Debug|Any CPU.ActiveCfg = Debug|Any CPU
		{A41F935C-E3B9-45D0-BD4A-3ACBFE4B97C9}.Debug|Any CPU.Build.0 = Debug|Any CPU
		{A41F935C-E3B9-45D0-BD4A-3ACBFE4B97C9}.Release|Any CPU.ActiveCfg = Release|Any CPU
		{A41F935C-E3B9-45D0-BD4A-3ACBFE4B97C9}.Release|Any CPU.Build.0 = Release|Any CPU
	EndGlobalSection
	GlobalSection(SolutionProperties) = preSolution
		HideSolutionNode = FALSE
	EndGlobalSection
	GlobalSection(ExtensibilityGlobals) = postSolution
		SolutionGuid = {5486144A-98F0-4E87-B7A9-06D2F8C2FECE}
	EndGlobalSection
EndGlobal
